// !$*UTF8*$!
{
	archiveVersion = 1;
	classes = {
	};
	objectVersion = 50;
	objects = {

/* Begin PBXBuildFile section */
		F326B6C62213902500EFB5E9 /* AppDelegate.swift in Sources */ = {isa = PBXBuildFile; fileRef = F326B6C52213902500EFB5E9 /* AppDelegate.swift */; };
		F326B6C82213902500EFB5E9 /* ViewController.swift in Sources */ = {isa = PBXBuildFile; fileRef = F326B6C72213902500EFB5E9 /* ViewController.swift */; };
		F326B6CB2213902500EFB5E9 /* Main.storyboard in Resources */ = {isa = PBXBuildFile; fileRef = F326B6C92213902500EFB5E9 /* Main.storyboard */; };
		F326B6CD2213902700EFB5E9 /* Assets.xcassets in Resources */ = {isa = PBXBuildFile; fileRef = F326B6CC2213902700EFB5E9 /* Assets.xcassets */; };
		F326B6D02213902700EFB5E9 /* LaunchScreen.storyboard in Resources */ = {isa = PBXBuildFile; fileRef = F326B6CE2213902700EFB5E9 /* LaunchScreen.storyboard */; };
		F326B6DB2213902700EFB5E9 /* Mapping101Tests.swift in Sources */ = {isa = PBXBuildFile; fileRef = F326B6DA2213902700EFB5E9 /* Mapping101Tests.swift */; };
		F326B6E62213902700EFB5E9 /* Mapping101UITests.swift in Sources */ = {isa = PBXBuildFile; fileRef = F326B6E52213902700EFB5E9 /* Mapping101UITests.swift */; };
/* End PBXBuildFile section */

/* Begin PBXContainerItemProxy section */
		F326B6D72213902700EFB5E9 /* PBXContainerItemProxy */ = {
			isa = PBXContainerItemProxy;
			containerPortal = F326B6BA2213902500EFB5E9 /* Project object */;
			proxyType = 1;
			remoteGlobalIDString = F326B6C12213902500EFB5E9;
			remoteInfo = Mapping101;
		};
		F326B6E22213902700EFB5E9 /* PBXContainerItemProxy */ = {
			isa = PBXContainerItemProxy;
			containerPortal = F326B6BA2213902500EFB5E9 /* Project object */;
			proxyType = 1;
			remoteGlobalIDString = F326B6C12213902500EFB5E9;
			remoteInfo = Mapping101;
		};
/* End PBXContainerItemProxy section */

/* Begin PBXFileReference section */
		F326B6C22213902500EFB5E9 /* Mapping101.app */ = {isa = PBXFileReference; explicitFileType = wrapper.application; includeInIndex = 0; path = Mapping101.app; sourceTree = BUILT_PRODUCTS_DIR; };
		F326B6C52213902500EFB5E9 /* AppDelegate.swift */ = {isa = PBXFileReference; lastKnownFileType = sourcecode.swift; path = AppDelegate.swift; sourceTree = "<group>"; };
		F326B6C72213902500EFB5E9 /* ViewController.swift */ = {isa = PBXFileReference; lastKnownFileType = sourcecode.swift; path = ViewController.swift; sourceTree = "<group>"; };
		F326B6CA2213902500EFB5E9 /* Base */ = {isa = PBXFileReference; lastKnownFileType = file.storyboard; name = Base; path = Base.lproj/Main.storyboard; sourceTree = "<group>"; };
		F326B6CC2213902700EFB5E9 /* Assets.xcassets */ = {isa = PBXFileReference; lastKnownFileType = folder.assetcatalog; path = Assets.xcassets; sourceTree = "<group>"; };
		F326B6CF2213902700EFB5E9 /* Base */ = {isa = PBXFileReference; lastKnownFileType = file.storyboard; name = Base; path = Base.lproj/LaunchScreen.storyboard; sourceTree = "<group>"; };
		F326B6D12213902700EFB5E9 /* Info.plist */ = {isa = PBXFileReference; lastKnownFileType = text.plist.xml; path = Info.plist; sourceTree = "<group>"; };
		F326B6D62213902700EFB5E9 /* Mapping101Tests.xctest */ = {isa = PBXFileReference; explicitFileType = wrapper.cfbundle; includeInIndex = 0; path = Mapping101Tests.xctest; sourceTree = BUILT_PRODUCTS_DIR; };
		F326B6DA2213902700EFB5E9 /* Mapping101Tests.swift */ = {isa = PBXFileReference; lastKnownFileType = sourcecode.swift; path = Mapping101Tests.swift; sourceTree = "<group>"; };
		F326B6DC2213902700EFB5E9 /* Info.plist */ = {isa = PBXFileReference; lastKnownFileType = text.plist.xml; path = Info.plist; sourceTree = "<group>"; };
		F326B6E12213902700EFB5E9 /* Mapping101UITests.xctest */ = {isa = PBXFileReference; explicitFileType = wrapper.cfbundle; includeInIndex = 0; path = Mapping101UITests.xctest; sourceTree = BUILT_PRODUCTS_DIR; };
		F326B6E52213902700EFB5E9 /* Mapping101UITests.swift */ = {isa = PBXFileReference; lastKnownFileType = sourcecode.swift; path = Mapping101UITests.swift; sourceTree = "<group>"; };
		F326B6E72213902700EFB5E9 /* Info.plist */ = {isa = PBXFileReference; lastKnownFileType = text.plist.xml; path = Info.plist; sourceTree = "<group>"; };
/* End PBXFileReference section */

/* Begin PBXFrameworksBuildPhase section */
		F326B6BF2213902500EFB5E9 /* Frameworks */ = {
			isa = PBXFrameworksBuildPhase;
			buildActionMask = 2147483647;
			files = (
			);
			runOnlyForDeploymentPostprocessing = 0;
		};
		F326B6D32213902700EFB5E9 /* Frameworks */ = {
			isa = PBXFrameworksBuildPhase;
			buildActionMask = 2147483647;
			files = (
			);
			runOnlyForDeploymentPostprocessing = 0;
		};
		F326B6DE2213902700EFB5E9 /* Frameworks */ = {
			isa = PBXFrameworksBuildPhase;
			buildActionMask = 2147483647;
			files = (
			);
			runOnlyForDeploymentPostprocessing = 0;
		};
/* End PBXFrameworksBuildPhase section */

/* Begin PBXGroup section */
		F326B6B92213902500EFB5E9 = {
			isa = PBXGroup;
			children = (
				F326B6C42213902500EFB5E9 /* Mapping101 */,
				F326B6D92213902700EFB5E9 /* Mapping101Tests */,
				F326B6E42213902700EFB5E9 /* Mapping101UITests */,
				F326B6C32213902500EFB5E9 /* Products */,
			);
			sourceTree = "<group>";
		};
		F326B6C32213902500EFB5E9 /* Products */ = {
			isa = PBXGroup;
			children = (
				F326B6C22213902500EFB5E9 /* Mapping101.app */,
				F326B6D62213902700EFB5E9 /* Mapping101Tests.xctest */,
				F326B6E12213902700EFB5E9 /* Mapping101UITests.xctest */,
			);
			name = Products;
			sourceTree = "<group>";
		};
		F326B6C42213902500EFB5E9 /* Mapping101 */ = {
			isa = PBXGroup;
			children = (
				F326B6C52213902500EFB5E9 /* AppDelegate.swift */,
				F326B6C72213902500EFB5E9 /* ViewController.swift */,
				F326B6C92213902500EFB5E9 /* Main.storyboard */,
				F326B6CC2213902700EFB5E9 /* Assets.xcassets */,
				F326B6CE2213902700EFB5E9 /* LaunchScreen.storyboard */,
				F326B6D12213902700EFB5E9 /* Info.plist */,
			);
			path = Mapping101;
			sourceTree = "<group>";
		};
		F326B6D92213902700EFB5E9 /* Mapping101Tests */ = {
			isa = PBXGroup;
			children = (
				F326B6DA2213902700EFB5E9 /* Mapping101Tests.swift */,
				F326B6DC2213902700EFB5E9 /* Info.plist */,
			);
			path = Mapping101Tests;
			sourceTree = "<group>";
		};
		F326B6E42213902700EFB5E9 /* Mapping101UITests */ = {
			isa = PBXGroup;
			children = (
				F326B6E52213902700EFB5E9 /* Mapping101UITests.swift */,
				F326B6E72213902700EFB5E9 /* Info.plist */,
			);
			path = Mapping101UITests;
			sourceTree = "<group>";
		};
/* End PBXGroup section */

/* Begin PBXNativeTarget section */
		F326B6C12213902500EFB5E9 /* Mapping101 */ = {
			isa = PBXNativeTarget;
			buildConfigurationList = F326B6EA2213902700EFB5E9 /* Build configuration list for PBXNativeTarget "Mapping101" */;
			buildPhases = (
				F326B6BE2213902500EFB5E9 /* Sources */,
				F326B6BF2213902500EFB5E9 /* Frameworks */,
				F326B6C02213902500EFB5E9 /* Resources */,
			);
			buildRules = (
			);
			dependencies = (
			);
			name = Mapping101;
			productName = Mapping101;
			productReference = F326B6C22213902500EFB5E9 /* Mapping101.app */;
			productType = "com.apple.product-type.application";
		};
		F326B6D52213902700EFB5E9 /* Mapping101Tests */ = {
			isa = PBXNativeTarget;
			buildConfigurationList = F326B6ED2213902700EFB5E9 /* Build configuration list for PBXNativeTarget "Mapping101Tests" */;
			buildPhases = (
				F326B6D22213902700EFB5E9 /* Sources */,
				F326B6D32213902700EFB5E9 /* Frameworks */,
				F326B6D42213902700EFB5E9 /* Resources */,
			);
			buildRules = (
			);
			dependencies = (
				F326B6D82213902700EFB5E9 /* PBXTargetDependency */,
			);
			name = Mapping101Tests;
			productName = Mapping101Tests;
			productReference = F326B6D62213902700EFB5E9 /* Mapping101Tests.xctest */;
			productType = "com.apple.product-type.bundle.unit-test";
		};
		F326B6E02213902700EFB5E9 /* Mapping101UITests */ = {
			isa = PBXNativeTarget;
			buildConfigurationList = F326B6F02213902700EFB5E9 /* Build configuration list for PBXNativeTarget "Mapping101UITests" */;
			buildPhases = (
				F326B6DD2213902700EFB5E9 /* Sources */,
				F326B6DE2213902700EFB5E9 /* Frameworks */,
				F326B6DF2213902700EFB5E9 /* Resources */,
			);
			buildRules = (
			);
			dependencies = (
				F326B6E32213902700EFB5E9 /* PBXTargetDependency */,
			);
			name = Mapping101UITests;
			productName = Mapping101UITests;
			productReference = F326B6E12213902700EFB5E9 /* Mapping101UITests.xctest */;
			productType = "com.apple.product-type.bundle.ui-testing";
		};
/* End PBXNativeTarget section */

/* Begin PBXProject section */
		F326B6BA2213902500EFB5E9 /* Project object */ = {
			isa = PBXProject;
			attributes = {
				LastSwiftUpdateCheck = 0940;
				LastUpgradeCheck = 0940;
				ORGANIZATIONNAME = Matthew;
				TargetAttributes = {
					F326B6C12213902500EFB5E9 = {
						CreatedOnToolsVersion = 9.4.1;
					};
					F326B6D52213902700EFB5E9 = {
						CreatedOnToolsVersion = 9.4.1;
						TestTargetID = F326B6C12213902500EFB5E9;
					};
					F326B6E02213902700EFB5E9 = {
						CreatedOnToolsVersion = 9.4.1;
						TestTargetID = F326B6C12213902500EFB5E9;
					};
				};
			};
			buildConfigurationList = F326B6BD2213902500EFB5E9 /* Build configuration list for PBXProject "Mapping101" */;
			compatibilityVersion = "Xcode 9.3";
			developmentRegion = en;
			hasScannedForEncodings = 0;
			knownRegions = (
				en,
				Base,
			);
			mainGroup = F326B6B92213902500EFB5E9;
			productRefGroup = F326B6C32213902500EFB5E9 /* Products */;
			projectDirPath = "";
			projectRoot = "";
			targets = (
				F326B6C12213902500EFB5E9 /* Mapping101 */,
				F326B6D52213902700EFB5E9 /* Mapping101Tests */,
				F326B6E02213902700EFB5E9 /* Mapping101UITests */,
			);
		};
/* End PBXProject section */

/* Begin PBXResourcesBuildPhase section */
		F326B6C02213902500EFB5E9 /* Resources */ = {
			isa = PBXResourcesBuildPhase;
			buildActionMask = 2147483647;
			files = (
				F326B6D02213902700EFB5E9 /* LaunchScreen.storyboard in Resources */,
				F326B6CD2213902700EFB5E9 /* Assets.xcassets in Resources */,
				F326B6CB2213902500EFB5E9 /* Main.storyboard in Resources */,
			);
			runOnlyForDeploymentPostprocessing = 0;
		};
		F326B6D42213902700EFB5E9 /* Resources */ = {
			isa = PBXResourcesBuildPhase;
			buildActionMask = 2147483647;
			files = (
			);
			runOnlyForDeploymentPostprocessing = 0;
		};
		F326B6DF2213902700EFB5E9 /* Resources */ = {
			isa = PBXResourcesBuildPhase;
			buildActionMask = 2147483647;
			files = (
			);
			runOnlyForDeploymentPostprocessing = 0;
		};
/* End PBXResourcesBuildPhase section */

/* Begin PBXSourcesBuildPhase section */
		F326B6BE2213902500EFB5E9 /* Sources */ = {
			isa = PBXSourcesBuildPhase;
			buildActionMask = 2147483647;
			files = (
				F326B6C82213902500EFB5E9 /* ViewController.swift in Sources */,
				F326B6C62213902500EFB5E9 /* AppDelegate.swift in Sources */,
			);
			runOnlyForDeploymentPostprocessing = 0;
		};
		F326B6D22213902700EFB5E9 /* Sources */ = {
			isa = PBXSourcesBuildPhase;
			buildActionMask = 2147483647;
			files = (
				F326B6DB2213902700EFB5E9 /* Mapping101Tests.swift in Sources */,
			);
			runOnlyForDeploymentPostprocessing = 0;
		};
		F326B6DD2213902700EFB5E9 /* Sources */ = {
			isa = PBXSourcesBuildPhase;
			buildActionMask = 2147483647;
			files = (
				F326B6E62213902700EFB5E9 /* Mapping101UITests.swift in Sources */,
			);
			runOnlyForDeploymentPostprocessing = 0;
		};
/* End PBXSourcesBuildPhase section */

/* Begin PBXTargetDependency section */
		F326B6D82213902700EFB5E9 /* PBXTargetDependency */ = {
			isa = PBXTargetDependency;
			target = F326B6C12213902500EFB5E9 /* Mapping101 */;
			targetProxy = F326B6D72213902700EFB5E9 /* PBXContainerItemProxy */;
		};
		F326B6E32213902700EFB5E9 /* PBXTargetDependency */ = {
			isa = PBXTargetDependency;
			target = F326B6C12213902500EFB5E9 /* Mapping101 */;
			targetProxy = F326B6E22213902700EFB5E9 /* PBXContainerItemProxy */;
		};
/* End PBXTargetDependency section */

/* Begin PBXVariantGroup section */
		F326B6C92213902500EFB5E9 /* Main.storyboard */ = {
			isa = PBXVariantGroup;
			children = (
				F326B6CA2213902500EFB5E9 /* Base */,
			);
			name = Main.storyboard;
			sourceTree = "<group>";
		};
		F326B6CE2213902700EFB5E9 /* LaunchScreen.storyboard */ = {
			isa = PBXVariantGroup;
			children = (
				F326B6CF2213902700EFB5E9 /* Base */,
			);
			name = LaunchScreen.storyboard;
			sourceTree = "<group>";
		};
/* End PBXVariantGroup section */

/* Begin XCBuildConfiguration section */
		F326B6E82213902700EFB5E9 /* Debug */ = {
			isa = XCBuildConfiguration;
			buildSettings = {
				ALWAYS_SEARCH_USER_PATHS = NO;
				CLANG_ANALYZER_NONNULL = YES;
				CLANG_ANALYZER_NUMBER_OBJECT_CONVERSION = YES_AGGRESSIVE;
				CLANG_CXX_LANGUAGE_STANDARD = "gnu++14";
				CLANG_CXX_LIBRARY = "libc++";
				CLANG_ENABLE_MODULES = YES;
				CLANG_ENABLE_OBJC_ARC = YES;
				CLANG_ENABLE_OBJC_WEAK = YES;
				CLANG_WARN_BLOCK_CAPTURE_AUTORELEASING = YES;
				CLANG_WARN_BOOL_CONVERSION = YES;
				CLANG_WARN_COMMA = YES;
				CLANG_WARN_CONSTANT_CONVERSION = YES;
				CLANG_WARN_DEPRECATED_OBJC_IMPLEMENTATIONS = YES;
				CLANG_WARN_DIRECT_OBJC_ISA_USAGE = YES_ERROR;
				CLANG_WARN_DOCUMENTATION_COMMENTS = YES;
				CLANG_WARN_EMPTY_BODY = YES;
				CLANG_WARN_ENUM_CONVERSION = YES;
				CLANG_WARN_INFINITE_RECURSION = YES;
				CLANG_WARN_INT_CONVERSION = YES;
				CLANG_WARN_NON_LITERAL_NULL_CONVERSION = YES;
				CLANG_WARN_OBJC_IMPLICIT_RETAIN_SELF = YES;
				CLANG_WARN_OBJC_LITERAL_CONVERSION = YES;
				CLANG_WARN_OBJC_ROOT_CLASS = YES_ERROR;
				CLANG_WARN_RANGE_LOOP_ANALYSIS = YES;
				CLANG_WARN_STRICT_PROTOTYPES = YES;
				CLANG_WARN_SUSPICIOUS_MOVE = YES;
				CLANG_WARN_UNGUARDED_AVAILABILITY = YES_AGGRESSIVE;
				CLANG_WARN_UNREACHABLE_CODE = YES;
				CLANG_WARN__DUPLICATE_METHOD_MATCH = YES;
				CODE_SIGN_IDENTITY = "iPhone Developer";
				COPY_PHASE_STRIP = NO;
				DEBUG_INFORMATION_FORMAT = dwarf;
				ENABLE_STRICT_OBJC_MSGSEND = YES;
				ENABLE_TESTABILITY = YES;
				GCC_C_LANGUAGE_STANDARD = gnu11;
				GCC_DYNAMIC_NO_PIC = NO;
				GCC_NO_COMMON_BLOCKS = YES;
				GCC_OPTIMIZATION_LEVEL = 0;
				GCC_PREPROCESSOR_DEFINITIONS = (
					"DEBUG=1",
					"$(inherited)",
				);
				GCC_WARN_64_TO_32_BIT_CONVERSION = YES;
				GCC_WARN_ABOUT_RETURN_TYPE = YES_ERROR;
				GCC_WARN_UNDECLARED_SELECTOR = YES;
				GCC_WARN_UNINITIALIZED_AUTOS = YES_AGGRESSIVE;
				GCC_WARN_UNUSED_FUNCTION = YES;
				GCC_WARN_UNUSED_VARIABLE = YES;
				IPHONEOS_DEPLOYMENT_TARGET = 11.4;
				MTL_ENABLE_DEBUG_INFO = YES;
				ONLY_ACTIVE_ARCH = YES;
				SDKROOT = iphoneos;
				SWIFT_ACTIVE_COMPILATION_CONDITIONS = DEBUG;
				SWIFT_OPTIMIZATION_LEVEL = "-Onone";
			};
			name = Debug;
		};
		F326B6E92213902700EFB5E9 /* Release */ = {
			isa = XCBuildConfiguration;
			buildSettings = {
				ALWAYS_SEARCH_USER_PATHS = NO;
				CLANG_ANALYZER_NONNULL = YES;
				CLANG_ANALYZER_NUMBER_OBJECT_CONVERSION = YES_AGGRESSIVE;
				CLANG_CXX_LANGUAGE_STANDARD = "gnu++14";
				CLANG_CXX_LIBRARY = "libc++";
				CLANG_ENABLE_MODULES = YES;
				CLANG_ENABLE_OBJC_ARC = YES;
				CLANG_ENABLE_OBJC_WEAK = YES;
				CLANG_WARN_BLOCK_CAPTURE_AUTORELEASING = YES;
				CLANG_WARN_BOOL_CONVERSION = YES;
				CLANG_WARN_COMMA = YES;
				CLANG_WARN_CONSTANT_CONVERSION = YES;
				CLANG_WARN_DEPRECATED_OBJC_IMPLEMENTATIONS = YES;
				CLANG_WARN_DIRECT_OBJC_ISA_USAGE = YES_ERROR;
				CLANG_WARN_DOCUMENTATION_COMMENTS = YES;
				CLANG_WARN_EMPTY_BODY = YES;
				CLANG_WARN_ENUM_CONVERSION = YES;
				CLANG_WARN_INFINITE_RECURSION = YES;
				CLANG_WARN_INT_CONVERSION = YES;
				CLANG_WARN_NON_LITERAL_NULL_CONVERSION = YES;
				CLANG_WARN_OBJC_IMPLICIT_RETAIN_SELF = YES;
				CLANG_WARN_OBJC_LITERAL_CONVERSION = YES;
				CLANG_WARN_OBJC_ROOT_CLASS = YES_ERROR;
				CLANG_WARN_RANGE_LOOP_ANALYSIS = YES;
				CLANG_WARN_STRICT_PROTOTYPES = YES;
				CLANG_WARN_SUSPICIOUS_MOVE = YES;
				CLANG_WARN_UNGUARDED_AVAILABILITY = YES_AGGRESSIVE;
				CLANG_WARN_UNREACHABLE_CODE = YES;
				CLANG_WARN__DUPLICATE_METHOD_MATCH = YES;
				CODE_SIGN_IDENTITY = "iPhone Developer";
				COPY_PHASE_STRIP = NO;
				DEBUG_INFORMATION_FORMAT = "dwarf-with-dsym";
				ENABLE_NS_ASSERTIONS = NO;
				ENABLE_STRICT_OBJC_MSGSEND = YES;
				GCC_C_LANGUAGE_STANDARD = gnu11;
				GCC_NO_COMMON_BLOCKS = YES;
				GCC_WARN_64_TO_32_BIT_CONVERSION = YES;
				GCC_WARN_ABOUT_RETURN_TYPE = YES_ERROR;
				GCC_WARN_UNDECLARED_SELECTOR = YES;
				GCC_WARN_UNINITIALIZED_AUTOS = YES_AGGRESSIVE;
				GCC_WARN_UNUSED_FUNCTION = YES;
				GCC_WARN_UNUSED_VARIABLE = YES;
				IPHONEOS_DEPLOYMENT_TARGET = 11.4;
				MTL_ENABLE_DEBUG_INFO = NO;
				SDKROOT = iphoneos;
				SWIFT_COMPILATION_MODE = wholemodule;
				SWIFT_OPTIMIZATION_LEVEL = "-O";
				VALIDATE_PRODUCT = YES;
			};
			name = Release;
		};
		F326B6EB2213902700EFB5E9 /* Debug */ = {
			isa = XCBuildConfiguration;
			buildSettings = {
				ASSETCATALOG_COMPILER_APPICON_NAME = AppIcon;
				CODE_SIGN_STYLE = Automatic;
				INFOPLIST_FILE = Mapping101/Info.plist;
				LD_RUNPATH_SEARCH_PATHS = (
					"$(inherited)",
					"@executable_path/Frameworks",
				);
				PRODUCT_BUNDLE_IDENTIFIER = Matthew.Mapping101;
				PRODUCT_NAME = "$(TARGET_NAME)";
				SWIFT_VERSION = 4.0;
				TARGETED_DEVICE_FAMILY = "1,2";
			};
			name = Debug;
		};
		F326B6EC2213902700EFB5E9 /* Release */ = {
			isa = XCBuildConfiguration;
			buildSettings = {
				ASSETCATALOG_COMPILER_APPICON_NAME = AppIcon;
				CODE_SIGN_STYLE = Automatic;
				INFOPLIST_FILE = Mapping101/Info.plist;
				LD_RUNPATH_SEARCH_PATHS = (
					"$(inherited)",
					"@executable_path/Frameworks",
				);
				PRODUCT_BUNDLE_IDENTIFIER = Matthew.Mapping101;
				PRODUCT_NAME = "$(TARGET_NAME)";
				SWIFT_VERSION = 4.0;
				TARGETED_DEVICE_FAMILY = "1,2";
			};
			name = Release;
		};
		F326B6EE2213902700EFB5E9 /* Debug */ = {
			isa = XCBuildConfiguration;
			buildSettings = {
				ALWAYS_EMBED_SWIFT_STANDARD_LIBRARIES = YES;
				BUNDLE_LOADER = "$(TEST_HOST)";
				CODE_SIGN_STYLE = Automatic;
				INFOPLIST_FILE = Mapping101Tests/Info.plist;
				LD_RUNPATH_SEARCH_PATHS = (
					"$(inherited)",
					"@executable_path/Frameworks",
					"@loader_path/Frameworks",
				);
				PRODUCT_BUNDLE_IDENTIFIER = Matthew.Mapping101Tests;
				PRODUCT_NAME = "$(TARGET_NAME)";
				SWIFT_VERSION = 4.0;
				TARGETED_DEVICE_FAMILY = "1,2";
				TEST_HOST = "$(BUILT_PRODUCTS_DIR)/Mapping101.app/Mapping101";
			};
			name = Debug;
		};
		F326B6EF2213902700EFB5E9 /* Release */ = {
			isa = XCBuildConfiguration;
			buildSettings = {
				ALWAYS_EMBED_SWIFT_STANDARD_LIBRARIES = YES;
				BUNDLE_LOADER = "$(TEST_HOST)";
				CODE_SIGN_STYLE = Automatic;
				INFOPLIST_FILE = Mapping101Tests/Info.plist;
				LD_RUNPATH_SEARCH_PATHS = (
					"$(inherited)",
					"@executable_path/Frameworks",
					"@loader_path/Frameworks",
				);
				PRODUCT_BUNDLE_IDENTIFIER = Matthew.Mapping101Tests;
				PRODUCT_NAME = "$(TARGET_NAME)";
				SWIFT_VERSION = 4.0;
				TARGETED_DEVICE_FAMILY = "1,2";
				TEST_HOST = "$(BUILT_PRODUCTS_DIR)/Mapping101.app/Mapping101";
			};
			name = Release;
		};
		F326B6F12213902700EFB5E9 /* Debug */ = {
			isa = XCBuildConfiguration;
			buildSettings = {
				ALWAYS_EMBED_SWIFT_STANDARD_LIBRARIES = YES;
				CODE_SIGN_STYLE = Automatic;
				INFOPLIST_FILE = Mapping101UITests/Info.plist;
				LD_RUNPATH_SEARCH_PATHS = (
					"$(inherited)",
					"@executable_path/Frameworks",
					"@loader_path/Frameworks",
				);
				PRODUCT_BUNDLE_IDENTIFIER = Matthew.Mapping101UITests;
				PRODUCT_NAME = "$(TARGET_NAME)";
				SWIFT_VERSION = 4.0;
				TARGETED_DEVICE_FAMILY = "1,2";
				TEST_TARGET_NAME = Mapping101;
			};
			name = Debug;
		};
		F326B6F22213902700EFB5E9 /* Release */ = {
			isa = XCBuildConfiguration;
			buildSettings = {
				ALWAYS_EMBED_SWIFT_STANDARD_LIBRARIES = YES;
				CODE_SIGN_STYLE = Automatic;
				INFOPLIST_FILE = Mapping101UITests/Info.plist;
				LD_RUNPATH_SEARCH_PATHS = (
					"$(inherited)",
					"@executable_path/Frameworks",
					"@loader_path/Frameworks",
				);
				PRODUCT_BUNDLE_IDENTIFIER = Matthew.Mapping101UITests;
				PRODUCT_NAME = "$(TARGET_NAME)";
				SWIFT_VERSION = 4.0;
				TARGETED_DEVICE_FAMILY = "1,2";
				TEST_TARGET_NAME = Mapping101;
			};
			name = Release;
		};
/* End XCBuildConfiguration section */

/* Begin XCConfigurationList section */
		F326B6BD2213902500EFB5E9 /* Build configuration list for PBXProject "Mapping101" */ = {
			isa = XCConfigurationList;
			buildConfigurations = (
				F326B6E82213902700EFB5E9 /* Debug */,
				F326B6E92213902700EFB5E9 /* Release */,
			);
			defaultConfigurationIsVisible = 0;
			defaultConfigurationName = Release;
		};
		F326B6EA2213902700EFB5E9 /* Build configuration list for PBXNativeTarget "Mapping101" */ = {
			isa = XCConfigurationList;
			buildConfigurations = (
				F326B6EB2213902700EFB5E9 /* Debug */,
				F326B6EC2213902700EFB5E9 /* Release */,
			);
			defaultConfigurationIsVisible = 0;
			defaultConfigurationName = Release;
		};
		F326B6ED2213902700EFB5E9 /* Build configuration list for PBXNativeTarget "Mapping101Tests" */ = {
			isa = XCConfigurationList;
			buildConfigurations = (
				F326B6EE2213902700EFB5E9 /* Debug */,
				F326B6EF2213902700EFB5E9 /* Release */,
			);
			defaultConfigurationIsVisible = 0;
			defaultConfigurationName = Release;
		};
		F326B6F02213902700EFB5E9 /* Build configuration list for PBXNativeTarget "Mapping101UITests" */ = {
			isa = XCConfigurationList;
			buildConfigurations = (
				F326B6F12213902700EFB5E9 /* Debug */,
				F326B6F22213902700EFB5E9 /* Release */,
			);
			defaultConfigurationIsVisible = 0;
			defaultConfigurationName = Release;
		};
/* End XCConfigurationList section */
	};
	rootObject = F326B6BA2213902500EFB5E9 /* Project object */;
}
